{
  "nodes": {
    "nixpkgs": {
      "locked": {
        "lastModified": 1769584980,
        "narHash": "sha256-5ZR+lN7X3EVCADFFPKsPPkqDj3+L7eLu5wxTIdk6c4Y=",
        "owner": "hoh",
        "repo": "nixpkgs",
        "rev": "e91e354e9e2dc9ca71f4e02db98af20bdd1e035e",
        "type": "github"
      },
      "original": {
        "owner": "hoh",
        "repo": "nixpkgs",
        "rev": "e91e354e9e2dc9ca71f4e02db98af20bdd1e035e",
        "type": "github"
      }
    },
    "root": {
      "inputs": {
        "nixpkgs": "nixpkgs"
      }
    }
  },
  "root": "root",
  "version": 7
}
